// !$*UTF8*$!
{
	archiveVersion = 1;
	classes = {
	};
	objectVersion = 56;
	objects = {

/* Begin PBXBuildFile section */
		0E1AFE3529D0783200E18459 /* AppDelegate.swift in Sources */ = {isa = PBXBuildFile; fileRef = 0E1AFE3429D0783200E18459 /* AppDelegate.swift */; };
		0E1AFE3729D0783200E18459 /* SceneDelegate.swift in Sources */ = {isa = PBXBuildFile; fileRef = 0E1AFE3629D0783200E18459 /* SceneDelegate.swift */; };
		0E1AFE3929D0783200E18459 /* ViewController.swift in Sources */ = {isa = PBXBuildFile; fileRef = 0E1AFE3829D0783200E18459 /* ViewController.swift */; };
		0E1AFE3C29D0783200E18459 /* Main.storyboard in Resources */ = {isa = PBXBuildFile; fileRef = 0E1AFE3A29D0783200E18459 /* Main.storyboard */; };
		0E1AFE3E29D0783400E18459 /* Assets.xcassets in Resources */ = {isa = PBXBuildFile; fileRef = 0E1AFE3D29D0783400E18459 /* Assets.xcassets */; };
		0E1AFE4129D0783400E18459 /* LaunchScreen.storyboard in Resources */ = {isa = PBXBuildFile; fileRef = 0E1AFE3F29D0783400E18459 /* LaunchScreen.storyboard */; };
		0E1AFE4A29D0789B00E18459 /* CombineCocoa in Frameworks */ = {isa = PBXBuildFile; productRef = 0E1AFE4929D0789B00E18459 /* CombineCocoa */; };
		0E1AFE4C29D07A6200E18459 /* Numbers.storyboard in Resources */ = {isa = PBXBuildFile; fileRef = 0E1AFE4B29D07A6200E18459 /* Numbers.storyboard */; };
		0E1AFE4E29D07C6900E18459 /* NumbersViewController.swift in Sources */ = {isa = PBXBuildFile; fileRef = 0E1AFE4D29D07C6900E18459 /* NumbersViewController.swift */; };
		0E1AFE5029D091F100E18459 /* UIViewController+Ext.swift in Sources */ = {isa = PBXBuildFile; fileRef = 0E1AFE4F29D091F100E18459 /* UIViewController+Ext.swift */; };
		0E1AFE5229D0968000E18459 /* NumbersSwiftUIContainerVC.swift in Sources */ = {isa = PBXBuildFile; fileRef = 0E1AFE5129D0968000E18459 /* NumbersSwiftUIContainerVC.swift */; };
		0E1AFE5529D335D600E18459 /* PinLayout in Frameworks */ = {isa = PBXBuildFile; productRef = 0E1AFE5429D335D600E18459 /* PinLayout */; };
		0E1AFE5829D5D8C700E18459 /* FlexLayout in Frameworks */ = {isa = PBXBuildFile; productRef = 0E1AFE5729D5D8C700E18459 /* FlexLayout */; };
		0E1AFE5B29D72CA500E18459 /* Alamofire in Frameworks */ = {isa = PBXBuildFile; productRef = 0E1AFE5A29D72CA500E18459 /* Alamofire */; };
		0E1AFE5D29D87D3D00E18459 /* NumbersVM.swift in Sources */ = {isa = PBXBuildFile; fileRef = 0E1AFE5C29D87D3D00E18459 /* NumbersVM.swift */; };
/* End PBXBuildFile section */

/* Begin PBXFileReference section */
		0E1AFE3129D0783200E18459 /* CombineTutorial-example.app */ = {isa = PBXFileReference; explicitFileType = wrapper.application; includeInIndex = 0; path = "CombineTutorial-example.app"; sourceTree = BUILT_PRODUCTS_DIR; };
		0E1AFE3429D0783200E18459 /* AppDelegate.swift */ = {isa = PBXFileReference; lastKnownFileType = sourcecode.swift; path = AppDelegate.swift; sourceTree = "<group>"; };
		0E1AFE3629D0783200E18459 /* SceneDelegate.swift */ = {isa = PBXFileReference; lastKnownFileType = sourcecode.swift; path = SceneDelegate.swift; sourceTree = "<group>"; };
		0E1AFE3829D0783200E18459 /* ViewController.swift */ = {isa = PBXFileReference; lastKnownFileType = sourcecode.swift; path = ViewController.swift; sourceTree = "<group>"; };
		0E1AFE3B29D0783200E18459 /* Base */ = {isa = PBXFileReference; lastKnownFileType = file.storyboard; name = Base; path = Base.lproj/Main.storyboard; sourceTree = "<group>"; };
		0E1AFE3D29D0783400E18459 /* Assets.xcassets */ = {isa = PBXFileReference; lastKnownFileType = folder.assetcatalog; path = Assets.xcassets; sourceTree = "<group>"; };
		0E1AFE4029D0783400E18459 /* Base */ = {isa = PBXFileReference; lastKnownFileType = file.storyboard; name = Base; path = Base.lproj/LaunchScreen.storyboard; sourceTree = "<group>"; };
		0E1AFE4229D0783400E18459 /* Info.plist */ = {isa = PBXFileReference; lastKnownFileType = text.plist.xml; path = Info.plist; sourceTree = "<group>"; };
		0E1AFE4B29D07A6200E18459 /* Numbers.storyboard */ = {isa = PBXFileReference; lastKnownFileType = file.storyboard; path = Numbers.storyboard; sourceTree = "<group>"; };
		0E1AFE4D29D07C6900E18459 /* NumbersViewController.swift */ = {isa = PBXFileReference; lastKnownFileType = sourcecode.swift; path = NumbersViewController.swift; sourceTree = "<group>"; };
		0E1AFE4F29D091F100E18459 /* UIViewController+Ext.swift */ = {isa = PBXFileReference; lastKnownFileType = sourcecode.swift; path = "UIViewController+Ext.swift"; sourceTree = "<group>"; };
		0E1AFE5129D0968000E18459 /* NumbersSwiftUIContainerVC.swift */ = {isa = PBXFileReference; lastKnownFileType = sourcecode.swift; path = NumbersSwiftUIContainerVC.swift; sourceTree = "<group>"; };
		0E1AFE5C29D87D3D00E18459 /* NumbersVM.swift */ = {isa = PBXFileReference; lastKnownFileType = sourcecode.swift; path = NumbersVM.swift; sourceTree = "<group>"; };
/* End PBXFileReference section */

/* Begin PBXFrameworksBuildPhase section */
		0E1AFE2E29D0783200E18459 /* Frameworks */ = {
			isa = PBXFrameworksBuildPhase;
			buildActionMask = 2147483647;
			files = (
				0E1AFE5829D5D8C700E18459 /* FlexLayout in Frameworks */,
				0E1AFE5B29D72CA500E18459 /* Alamofire in Frameworks */,
				0E1AFE5529D335D600E18459 /* PinLayout in Frameworks */,
				0E1AFE4A29D0789B00E18459 /* CombineCocoa in Frameworks */,
			);
			runOnlyForDeploymentPostprocessing = 0;
		};
/* End PBXFrameworksBuildPhase section */

/* Begin PBXGroup section */
		0E1AFE2829D0783200E18459 = {
			isa = PBXGroup;
			children = (
				0E1AFE3329D0783200E18459 /* CombineTutorial-example */,
				0E1AFE3229D0783200E18459 /* Products */,
			);
			sourceTree = "<group>";
		};
		0E1AFE3229D0783200E18459 /* Products */ = {
			isa = PBXGroup;
			children = (
				0E1AFE3129D0783200E18459 /* CombineTutorial-example.app */,
			);
			name = Products;
			sourceTree = "<group>";
		};
		0E1AFE3329D0783200E18459 /* CombineTutorial-example */ = {
			isa = PBXGroup;
			children = (
				0E1AFE3429D0783200E18459 /* AppDelegate.swift */,
				0E1AFE3629D0783200E18459 /* SceneDelegate.swift */,
				0E1AFE3829D0783200E18459 /* ViewController.swift */,
				0E1AFE3A29D0783200E18459 /* Main.storyboard */,
				0E1AFE3D29D0783400E18459 /* Assets.xcassets */,
				0E1AFE3F29D0783400E18459 /* LaunchScreen.storyboard */,
				0E1AFE4229D0783400E18459 /* Info.plist */,
				0E1AFE4B29D07A6200E18459 /* Numbers.storyboard */,
				0E1AFE4D29D07C6900E18459 /* NumbersViewController.swift */,
				0E1AFE4F29D091F100E18459 /* UIViewController+Ext.swift */,
				0E1AFE5129D0968000E18459 /* NumbersSwiftUIContainerVC.swift */,
				0E1AFE5C29D87D3D00E18459 /* NumbersVM.swift */,
			);
			path = "CombineTutorial-example";
			sourceTree = "<group>";
		};
/* End PBXGroup section */

/* Begin PBXNativeTarget section */
		0E1AFE3029D0783200E18459 /* CombineTutorial-example */ = {
			isa = PBXNativeTarget;
			buildConfigurationList = 0E1AFE4529D0783400E18459 /* Build configuration list for PBXNativeTarget "CombineTutorial-example" */;
			buildPhases = (
				0E1AFE2D29D0783200E18459 /* Sources */,
				0E1AFE2E29D0783200E18459 /* Frameworks */,
				0E1AFE2F29D0783200E18459 /* Resources */,
			);
			buildRules = (
			);
			dependencies = (
			);
			name = "CombineTutorial-example";
			packageProductDependencies = (
				0E1AFE4929D0789B00E18459 /* CombineCocoa */,
				0E1AFE5429D335D600E18459 /* PinLayout */,
				0E1AFE5729D5D8C700E18459 /* FlexLayout */,
				0E1AFE5A29D72CA500E18459 /* Alamofire */,
			);
			productName = "CombineTutorial-example";
			productReference = 0E1AFE3129D0783200E18459 /* CombineTutorial-example.app */;
			productType = "com.apple.product-type.application";
		};
/* End PBXNativeTarget section */

/* Begin PBXProject section */
		0E1AFE2929D0783200E18459 /* Project object */ = {
			isa = PBXProject;
			attributes = {
				BuildIndependentTargetsInParallel = 1;
				LastSwiftUpdateCheck = 1410;
				LastUpgradeCheck = 1410;
				TargetAttributes = {
					0E1AFE3029D0783200E18459 = {
						CreatedOnToolsVersion = 14.1;
					};
				};
			};
			buildConfigurationList = 0E1AFE2C29D0783200E18459 /* Build configuration list for PBXProject "CombineTutorial-example" */;
			compatibilityVersion = "Xcode 14.0";
			developmentRegion = en;
			hasScannedForEncodings = 0;
			knownRegions = (
				en,
				Base,
			);
			mainGroup = 0E1AFE2829D0783200E18459;
			packageReferences = (
				0E1AFE4829D0789B00E18459 /* XCRemoteSwiftPackageReference "CombineCocoa" */,
				0E1AFE5329D335D600E18459 /* XCRemoteSwiftPackageReference "PinLayout" */,
				0E1AFE5629D5D8C700E18459 /* XCRemoteSwiftPackageReference "FlexLayout" */,
				0E1AFE5929D72CA500E18459 /* XCRemoteSwiftPackageReference "Alamofire" */,
			);
			productRefGroup = 0E1AFE3229D0783200E18459 /* Products */;
			projectDirPath = "";
			projectRoot = "";
			targets = (
				0E1AFE3029D0783200E18459 /* CombineTutorial-example */,
			);
		};
/* End PBXProject section */

/* Begin PBXResourcesBuildPhase section */
		0E1AFE2F29D0783200E18459 /* Resources */ = {
			isa = PBXResourcesBuildPhase;
			buildActionMask = 2147483647;
			files = (
				0E1AFE4129D0783400E18459 /* LaunchScreen.storyboard in Resources */,
				0E1AFE4C29D07A6200E18459 /* Numbers.storyboard in Resources */,
				0E1AFE3E29D0783400E18459 /* Assets.xcassets in Resources */,
				0E1AFE3C29D0783200E18459 /* Main.storyboard in Resources */,
			);
			runOnlyForDeploymentPostprocessing = 0;
		};
/* End PBXResourcesBuildPhase section */

/* Begin PBXSourcesBuildPhase section */
		0E1AFE2D29D0783200E18459 /* Sources */ = {
			isa = PBXSourcesBuildPhase;
			buildActionMask = 2147483647;
			files = (
				0E1AFE3929D0783200E18459 /* ViewController.swift in Sources */,
				0E1AFE5229D0968000E18459 /* NumbersSwiftUIContainerVC.swift in Sources */,
				0E1AFE4E29D07C6900E18459 /* NumbersViewController.swift in Sources */,
				0E1AFE5029D091F100E18459 /* UIViewController+Ext.swift in Sources */,
				0E1AFE3529D0783200E18459 /* AppDelegate.swift in Sources */,
				0E1AFE3729D0783200E18459 /* SceneDelegate.swift in Sources */,
				0E1AFE5D29D87D3D00E18459 /* NumbersVM.swift in Sources */,
			);
			runOnlyForDeploymentPostprocessing = 0;
		};
/* End PBXSourcesBuildPhase section */

/* Begin PBXVariantGroup section */
		0E1AFE3A29D0783200E18459 /* Main.storyboard */ = {
			isa = PBXVariantGroup;
			children = (
				0E1AFE3B29D0783200E18459 /* Base */,
			);
			name = Main.storyboard;
			sourceTree = "<group>";
		};
		0E1AFE3F29D0783400E18459 /* LaunchScreen.storyboard */ = {
			isa = PBXVariantGroup;
			children = (
				0E1AFE4029D0783400E18459 /* Base */,
			);
			name = LaunchScreen.storyboard;
			sourceTree = "<group>";
		};
/* End PBXVariantGroup section */

/* Begin XCBuildConfiguration section */
		0E1AFE4329D0783400E18459 /* Debug */ = {
			isa = XCBuildConfiguration;
			buildSettings = {
				ALWAYS_SEARCH_USER_PATHS = NO;
				CLANG_ANALYZER_NONNULL = YES;
				CLANG_ANALYZER_NUMBER_OBJECT_CONVERSION = YES_AGGRESSIVE;
				CLANG_CXX_LANGUAGE_STANDARD = "gnu++20";
				CLANG_ENABLE_MODULES = YES;
				CLANG_ENABLE_OBJC_ARC = YES;
				CLANG_ENABLE_OBJC_WEAK = YES;
				CLANG_WARN_BLOCK_CAPTURE_AUTORELEASING = YES;
				CLANG_WARN_BOOL_CONVERSION = YES;
				CLANG_WARN_COMMA = YES;
				CLANG_WARN_CONSTANT_CONVERSION = YES;
				CLANG_WARN_DEPRECATED_OBJC_IMPLEMENTATIONS = YES;
				CLANG_WARN_DIRECT_OBJC_ISA_USAGE = YES_ERROR;
				CLANG_WARN_DOCUMENTATION_COMMENTS = YES;
				CLANG_WARN_EMPTY_BODY = YES;
				CLANG_WARN_ENUM_CONVERSION = YES;
				CLANG_WARN_INFINITE_RECURSION = YES;
				CLANG_WARN_INT_CONVERSION = YES;
				CLANG_WARN_NON_LITERAL_NULL_CONVERSION = YES;
				CLANG_WARN_OBJC_IMPLICIT_RETAIN_SELF = YES;
				CLANG_WARN_OBJC_LITERAL_CONVERSION = YES;
				CLANG_WARN_OBJC_ROOT_CLASS = YES_ERROR;
				CLANG_WARN_QUOTED_INCLUDE_IN_FRAMEWORK_HEADER = YES;
				CLANG_WARN_RANGE_LOOP_ANALYSIS = YES;
				CLANG_WARN_STRICT_PROTOTYPES = YES;
				CLANG_WARN_SUSPICIOUS_MOVE = YES;
				CLANG_WARN_UNGUARDED_AVAILABILITY = YES_AGGRESSIVE;
				CLANG_WARN_UNREACHABLE_CODE = YES;
				CLANG_WARN__DUPLICATE_METHOD_MATCH = YES;
				COPY_PHASE_STRIP = NO;
				DEBUG_INFORMATION_FORMAT = dwarf;
				ENABLE_STRICT_OBJC_MSGSEND = YES;
				ENABLE_TESTABILITY = YES;
				GCC_C_LANGUAGE_STANDARD = gnu11;
				GCC_DYNAMIC_NO_PIC = NO;
				GCC_NO_COMMON_BLOCKS = YES;
				GCC_OPTIMIZATION_LEVEL = 0;
				GCC_PREPROCESSOR_DEFINITIONS = (
					"DEBUG=1",
					"$(inherited)",
				);
				GCC_WARN_64_TO_32_BIT_CONVERSION = YES;
				GCC_WARN_ABOUT_RETURN_TYPE = YES_ERROR;
				GCC_WARN_UNDECLARED_SELECTOR = YES;
				GCC_WARN_UNINITIALIZED_AUTOS = YES_AGGRESSIVE;
				GCC_WARN_UNUSED_FUNCTION = YES;
				GCC_WARN_UNUSED_VARIABLE = YES;
				IPHONEOS_DEPLOYMENT_TARGET = 16.1;
				MTL_ENABLE_DEBUG_INFO = INCLUDE_SOURCE;
				MTL_FAST_MATH = YES;
				ONLY_ACTIVE_ARCH = YES;
				SDKROOT = iphoneos;
				SWIFT_ACTIVE_COMPILATION_CONDITIONS = DEBUG;
				SWIFT_OPTIMIZATION_LEVEL = "-Onone";
			};
			name = Debug;
		};
		0E1AFE4429D0783400E18459 /* Release */ = {
			isa = XCBuildConfiguration;
			buildSettings = {
				ALWAYS_SEARCH_USER_PATHS = NO;
				CLANG_ANALYZER_NONNULL = YES;
				CLANG_ANALYZER_NUMBER_OBJECT_CONVERSION = YES_AGGRESSIVE;
				CLANG_CXX_LANGUAGE_STANDARD = "gnu++20";
				CLANG_ENABLE_MODULES = YES;
				CLANG_ENABLE_OBJC_ARC = YES;
				CLANG_ENABLE_OBJC_WEAK = YES;
				CLANG_WARN_BLOCK_CAPTURE_AUTORELEASING = YES;
				CLANG_WARN_BOOL_CONVERSION = YES;
				CLANG_WARN_COMMA = YES;
				CLANG_WARN_CONSTANT_CONVERSION = YES;
				CLANG_WARN_DEPRECATED_OBJC_IMPLEMENTATIONS = YES;
				CLANG_WARN_DIRECT_OBJC_ISA_USAGE = YES_ERROR;
				CLANG_WARN_DOCUMENTATION_COMMENTS = YES;
				CLANG_WARN_EMPTY_BODY = YES;
				CLANG_WARN_ENUM_CONVERSION = YES;
				CLANG_WARN_INFINITE_RECURSION = YES;
				CLANG_WARN_INT_CONVERSION = YES;
				CLANG_WARN_NON_LITERAL_NULL_CONVERSION = YES;
				CLANG_WARN_OBJC_IMPLICIT_RETAIN_SELF = YES;
				CLANG_WARN_OBJC_LITERAL_CONVERSION = YES;
				CLANG_WARN_OBJC_ROOT_CLASS = YES_ERROR;
				CLANG_WARN_QUOTED_INCLUDE_IN_FRAMEWORK_HEADER = YES;
				CLANG_WARN_RANGE_LOOP_ANALYSIS = YES;
				CLANG_WARN_STRICT_PROTOTYPES = YES;
				CLANG_WARN_SUSPICIOUS_MOVE = YES;
				CLANG_WARN_UNGUARDED_AVAILABILITY = YES_AGGRESSIVE;
				CLANG_WARN_UNREACHABLE_CODE = YES;
				CLANG_WARN__DUPLICATE_METHOD_MATCH = YES;
				COPY_PHASE_STRIP = NO;
				DEBUG_INFORMATION_FORMAT = "dwarf-with-dsym";
				ENABLE_NS_ASSERTIONS = NO;
				ENABLE_STRICT_OBJC_MSGSEND = YES;
				GCC_C_LANGUAGE_STANDARD = gnu11;
				GCC_NO_COMMON_BLOCKS = YES;
				GCC_WARN_64_TO_32_BIT_CONVERSION = YES;
				GCC_WARN_ABOUT_RETURN_TYPE = YES_ERROR;
				GCC_WARN_UNDECLARED_SELECTOR = YES;
				GCC_WARN_UNINITIALIZED_AUTOS = YES_AGGRESSIVE;
				GCC_WARN_UNUSED_FUNCTION = YES;
				GCC_WARN_UNUSED_VARIABLE = YES;
				IPHONEOS_DEPLOYMENT_TARGET = 16.1;
				MTL_ENABLE_DEBUG_INFO = NO;
				MTL_FAST_MATH = YES;
				SDKROOT = iphoneos;
				SWIFT_COMPILATION_MODE = wholemodule;
				SWIFT_OPTIMIZATION_LEVEL = "-O";
				VALIDATE_PRODUCT = YES;
			};
			name = Release;
		};
		0E1AFE4629D0783400E18459 /* Debug */ = {
			isa = XCBuildConfiguration;
			buildSettings = {
				ASSETCATALOG_COMPILER_APPICON_NAME = AppIcon;
				ASSETCATALOG_COMPILER_GLOBAL_ACCENT_COLOR_NAME = AccentColor;
				CODE_SIGN_STYLE = Automatic;
				CURRENT_PROJECT_VERSION = 1;
				DEVELOPMENT_TEAM = U8U4L6FXAF;
				GENERATE_INFOPLIST_FILE = YES;
				INFOPLIST_FILE = "CombineTutorial-example/Info.plist";
				INFOPLIST_KEY_UIApplicationSupportsIndirectInputEvents = YES;
				INFOPLIST_KEY_UILaunchStoryboardName = LaunchScreen;
				INFOPLIST_KEY_UIMainStoryboardFile = Main;
				INFOPLIST_KEY_UISupportedInterfaceOrientations_iPad = "UIInterfaceOrientationPortrait UIInterfaceOrientationPortraitUpsideDown UIInterfaceOrientationLandscapeLeft UIInterfaceOrientationLandscapeRight";
				INFOPLIST_KEY_UISupportedInterfaceOrientations_iPhone = "UIInterfaceOrientationPortrait UIInterfaceOrientationLandscapeLeft UIInterfaceOrientationLandscapeRight";
				LD_RUNPATH_SEARCH_PATHS = (
					"$(inherited)",
					"@executable_path/Frameworks",
				);
				MARKETING_VERSION = 1.0;
				PRODUCT_BUNDLE_IDENTIFIER = "net.mhkang.CombineTutorial-example";
				PRODUCT_NAME = "$(TARGET_NAME)";
				SWIFT_EMIT_LOC_STRINGS = YES;
				SWIFT_VERSION = 5.0;
				TARGETED_DEVICE_FAMILY = "1,2";
			};
			name = Debug;
		};
		0E1AFE4729D0783400E18459 /* Release */ = {
			isa = XCBuildConfiguration;
			buildSettings = {
				ASSETCATALOG_COMPILER_APPICON_NAME = AppIcon;
				ASSETCATALOG_COMPILER_GLOBAL_ACCENT_COLOR_NAME = AccentColor;
				CODE_SIGN_STYLE = Automatic;
				CURRENT_PROJECT_VERSION = 1;
				DEVELOPMENT_TEAM = U8U4L6FXAF;
				GENERATE_INFOPLIST_FILE = YES;
				INFOPLIST_FILE = "CombineTutorial-example/Info.plist";
				INFOPLIST_KEY_UIApplicationSupportsIndirectInputEvents = YES;
				INFOPLIST_KEY_UILaunchStoryboardName = LaunchScreen;
				INFOPLIST_KEY_UIMainStoryboardFile = Main;
				INFOPLIST_KEY_UISupportedInterfaceOrientations_iPad = "UIInterfaceOrientationPortrait UIInterfaceOrientationPortraitUpsideDown UIInterfaceOrientationLandscapeLeft UIInterfaceOrientationLandscapeRight";
				INFOPLIST_KEY_UISupportedInterfaceOrientations_iPhone = "UIInterfaceOrientationPortrait UIInterfaceOrientationLandscapeLeft UIInterfaceOrientationLandscapeRight";
				LD_RUNPATH_SEARCH_PATHS = (
					"$(inherited)",
					"@executable_path/Frameworks",
				);
				MARKETING_VERSION = 1.0;
				PRODUCT_BUNDLE_IDENTIFIER = "net.mhkang.CombineTutorial-example";
				PRODUCT_NAME = "$(TARGET_NAME)";
				SWIFT_EMIT_LOC_STRINGS = YES;
				SWIFT_VERSION = 5.0;
				TARGETED_DEVICE_FAMILY = "1,2";
			};
			name = Release;
		};
/* End XCBuildConfiguration section */

/* Begin XCConfigurationList section */
		0E1AFE2C29D0783200E18459 /* Build configuration list for PBXProject "CombineTutorial-example" */ = {
			isa = XCConfigurationList;
			buildConfigurations = (
				0E1AFE4329D0783400E18459 /* Debug */,
				0E1AFE4429D0783400E18459 /* Release */,
			);
			defaultConfigurationIsVisible = 0;
			defaultConfigurationName = Release;
		};
		0E1AFE4529D0783400E18459 /* Build configuration list for PBXNativeTarget "CombineTutorial-example" */ = {
			isa = XCConfigurationList;
			buildConfigurations = (
				0E1AFE4629D0783400E18459 /* Debug */,
				0E1AFE4729D0783400E18459 /* Release */,
			);
			defaultConfigurationIsVisible = 0;
			defaultConfigurationName = Release;
		};
/* End XCConfigurationList section */

/* Begin XCRemoteSwiftPackageReference section */
		0E1AFE4829D0789B00E18459 /* XCRemoteSwiftPackageReference "CombineCocoa" */ = {
			isa = XCRemoteSwiftPackageReference;
			repositoryURL = "https://github.com/CombineCommunity/CombineCocoa.git";
			requirement = {
				branch = main;
				kind = branch;
			};
		};
		0E1AFE5329D335D600E18459 /* XCRemoteSwiftPackageReference "PinLayout" */ = {
			isa = XCRemoteSwiftPackageReference;
			repositoryURL = "https://github.com/layoutBox/PinLayout.git";
			requirement = {
				branch = master;
				kind = branch;
			};
		};
		0E1AFE5629D5D8C700E18459 /* XCRemoteSwiftPackageReference "FlexLayout" */ = {
			isa = XCRemoteSwiftPackageReference;
			repositoryURL = "https://github.com/layoutBox/FlexLayout.git";
			requirement = {
				branch = master;
				kind = branch;
			};
		};
		0E1AFE5929D72CA500E18459 /* XCRemoteSwiftPackageReference "Alamofire" */ = {
			isa = XCRemoteSwiftPackageReference;
			repositoryURL = "https://github.com/Alamofire/Alamofire.git";
			requirement = {
				kind = upToNextMajorVersion;
				minimumVersion = 5.0.0;
			};
		};
/* End XCRemoteSwiftPackageReference section */

/* Begin XCSwiftPackageProductDependency section */
		0E1AFE4929D0789B00E18459 /* CombineCocoa */ = {
			isa = XCSwiftPackageProductDependency;
			package = 0E1AFE4829D0789B00E18459 /* XCRemoteSwiftPackageReference "CombineCocoa" */;
			productName = CombineCocoa;
		};
		0E1AFE5429D335D600E18459 /* PinLayout */ = {
			isa = XCSwiftPackageProductDependency;
			package = 0E1AFE5329D335D600E18459 /* XCRemoteSwiftPackageReference "PinLayout" */;
			productName = PinLayout;
		};
		0E1AFE5729D5D8C700E18459 /* FlexLayout */ = {
			isa = XCSwiftPackageProductDependency;
			package = 0E1AFE5629D5D8C700E18459 /* XCRemoteSwiftPackageReference "FlexLayout" */;
			productName = FlexLayout;
		};
		0E1AFE5A29D72CA500E18459 /* Alamofire */ = {
			isa = XCSwiftPackageProductDependency;
			package = 0E1AFE5929D72CA500E18459 /* XCRemoteSwiftPackageReference "Alamofire" */;
			productName = Alamofire;
		};
/* End XCSwiftPackageProductDependency section */
	};
	rootObject = 0E1AFE2929D0783200E18459 /* Project object */;
}
